
Microsoft Visual Studio Solution File, Format Version 12.00
# Visual Studio Version 17
VisualStudioVersion = 17.1.32407.343
MinimumVisualStudioVersion = 10.0.40219.1
Project("{FAE04EC0-301F-11D3-BF4B-00C04F79EFBC}") = "lista4", "lista4.csproj", "{702A51C7-6C19-4C96-988E-13B61FE07F88}"
EndProject
Global
	GlobalSection(SolutionConfigurationPlatforms) = preSolution
		Debug|Any CPU = Debug|Any CPU
		Release|Any CPU = Release|Any CPU
	EndGlobalSection
	GlobalSection(ProjectConfigurationPlatforms) = postSolution
		{702A51C7-6C19-4C96-988E-13B61FE07F88}.Debug|Any CPU.ActiveCfg = Debug|Any CPU
		{702A51C7-6C19-4C96-988E-13B61FE07F88}.Debug|Any CPU.Build.0 = Debug|Any CPU
		{702A51C7-6C19-4C96-988E-13B61FE07F88}.Release|Any CPU.ActiveCfg = Release|Any CPU
		{702A51C7-6C19-4C96-988E-13B61FE07F88}.Release|Any CPU.Build.0 = Release|Any CPU
	EndGlobalSection
	GlobalSection(SolutionProperties) = preSolution
		HideSolutionNode = FALSE
	EndGlobalSection
	GlobalSection(ExtensibilityGlobals) = postSolution
		SolutionGuid = {17000ADF-E875-453D-98C7-3B27A6F7302F}
	EndGlobalSection
EndGlobal
