
Microsoft Visual Studio Solution File, Format Version 12.00
# Visual Studio Version 17
VisualStudioVersion = 17.1.32407.343
MinimumVisualStudioVersion = 10.0.40219.1
Project("{FAE04EC0-301F-11D3-BF4B-00C04F79EFBC}") = "ExHeranca", "ExHeranca.csproj", "{BF74EDBD-4477-416C-B553-DEA3509FE092}"
EndProject
Global
	GlobalSection(SolutionConfigurationPlatforms) = preSolution
		Debug|Any CPU = Debug|Any CPU
		Release|Any CPU = Release|Any CPU
	EndGlobalSection
	GlobalSection(ProjectConfigurationPlatforms) = postSolution
		{BF74EDBD-4477-416C-B553-DEA3509FE092}.Debug|Any CPU.ActiveCfg = Debug|Any CPU
		{BF74EDBD-4477-416C-B553-DEA3509FE092}.Debug|Any CPU.Build.0 = Debug|Any CPU
		{BF74EDBD-4477-416C-B553-DEA3509FE092}.Release|Any CPU.ActiveCfg = Release|Any CPU
		{BF74EDBD-4477-416C-B553-DEA3509FE092}.Release|Any CPU.Build.0 = Release|Any CPU
	EndGlobalSection
	GlobalSection(SolutionProperties) = preSolution
		HideSolutionNode = FALSE
	EndGlobalSection
	GlobalSection(ExtensibilityGlobals) = postSolution
		SolutionGuid = {18817F0D-3231-4528-B5A2-0A08637BFE5D}
	EndGlobalSection
EndGlobal
